// !$*UTF8*$!
{
	archiveVersion = 1;
	classes = {
	};
	objectVersion = 50;
	objects = {

/* Begin PBXBuildFile section */
		41AB5892227865A500D0F14D /* AppDelegate.m in Sources */ = {isa = PBXBuildFile; fileRef = 41AB5891227865A500D0F14D /* AppDelegate.m */; };
		41AB5898227865A500D0F14D /* Main.storyboard in Resources */ = {isa = PBXBuildFile; fileRef = 41AB5896227865A500D0F14D /* Main.storyboard */; };
		41AB589A227865AF00D0F14D /* Assets.xcassets in Resources */ = {isa = PBXBuildFile; fileRef = 41AB5899227865AF00D0F14D /* Assets.xcassets */; };
		41AB589D227865AF00D0F14D /* LaunchScreen.storyboard in Resources */ = {isa = PBXBuildFile; fileRef = 41AB589B227865AF00D0F14D /* LaunchScreen.storyboard */; };
		41AB58A0227865AF00D0F14D /* main.m in Sources */ = {isa = PBXBuildFile; fileRef = 41AB589F227865AF00D0F14D /* main.m */; };
		41AB58A82278957900D0F14D /* MainViewController.m in Sources */ = {isa = PBXBuildFile; fileRef = 41AB58A72278957800D0F14D /* MainViewController.m */; };
		41AB58AB22789B9800D0F14D /* TestViewController.m in Sources */ = {isa = PBXBuildFile; fileRef = 41AB58AA22789B9800D0F14D /* TestViewController.m */; };
/* End PBXBuildFile section */

/* Begin PBXFileReference section */
		41AB588D227865A500D0F14D /* 网页新闻架构.app */ = {isa = PBXFileReference; explicitFileType = wrapper.application; includeInIndex = 0; path = "网页新闻架构.app"; sourceTree = BUILT_PRODUCTS_DIR; };
		41AB5890227865A500D0F14D /* AppDelegate.h */ = {isa = PBXFileReference; lastKnownFileType = sourcecode.c.h; path = AppDelegate.h; sourceTree = "<group>"; };
		41AB5891227865A500D0F14D /* AppDelegate.m */ = {isa = PBXFileReference; lastKnownFileType = sourcecode.c.objc; path = AppDelegate.m; sourceTree = "<group>"; };
		41AB5897227865A500D0F14D /* Base */ = {isa = PBXFileReference; lastKnownFileType = file.storyboard; name = Base; path = Base.lproj/Main.storyboard; sourceTree = "<group>"; };
		41AB5899227865AF00D0F14D /* Assets.xcassets */ = {isa = PBXFileReference; lastKnownFileType = folder.assetcatalog; path = Assets.xcassets; sourceTree = "<group>"; };
		41AB589C227865AF00D0F14D /* Base */ = {isa = PBXFileReference; lastKnownFileType = file.storyboard; name = Base; path = Base.lproj/LaunchScreen.storyboard; sourceTree = "<group>"; };
		41AB589E227865AF00D0F14D /* Info.plist */ = {isa = PBXFileReference; lastKnownFileType = text.plist.xml; path = Info.plist; sourceTree = "<group>"; };
		41AB589F227865AF00D0F14D /* main.m */ = {isa = PBXFileReference; lastKnownFileType = sourcecode.c.objc; path = main.m; sourceTree = "<group>"; };
		41AB58A62278957800D0F14D /* MainViewController.h */ = {isa = PBXFileReference; lastKnownFileType = sourcecode.c.h; path = MainViewController.h; sourceTree = "<group>"; };
		41AB58A72278957800D0F14D /* MainViewController.m */ = {isa = PBXFileReference; lastKnownFileType = sourcecode.c.objc; path = MainViewController.m; sourceTree = "<group>"; };
		41AB58A922789B9800D0F14D /* TestViewController.h */ = {isa = PBXFileReference; lastKnownFileType = sourcecode.c.h; path = TestViewController.h; sourceTree = "<group>"; };
		41AB58AA22789B9800D0F14D /* TestViewController.m */ = {isa = PBXFileReference; lastKnownFileType = sourcecode.c.objc; path = TestViewController.m; sourceTree = "<group>"; };
/* End PBXFileReference section */

/* Begin PBXFrameworksBuildPhase section */
		41AB588A227865A500D0F14D /* Frameworks */ = {
			isa = PBXFrameworksBuildPhase;
			buildActionMask = 2147483647;
			files = (
			);
			runOnlyForDeploymentPostprocessing = 0;
		};
/* End PBXFrameworksBuildPhase section */

/* Begin PBXGroup section */
		41AB5884227865A500D0F14D = {
			isa = PBXGroup;
			children = (
				41AB588F227865A500D0F14D /* 网页新闻架构 */,
				41AB588E227865A500D0F14D /* Products */,
			);
			sourceTree = "<group>";
		};
		41AB588E227865A500D0F14D /* Products */ = {
			isa = PBXGroup;
			children = (
				41AB588D227865A500D0F14D /* 网页新闻架构.app */,
			);
			name = Products;
			sourceTree = "<group>";
		};
		41AB588F227865A500D0F14D /* 网页新闻架构 */ = {
			isa = PBXGroup;
			children = (
				41AB5890227865A500D0F14D /* AppDelegate.h */,
				41AB5891227865A500D0F14D /* AppDelegate.m */,
				41AB58A62278957800D0F14D /* MainViewController.h */,
				41AB58A72278957800D0F14D /* MainViewController.m */,
				41AB58A922789B9800D0F14D /* TestViewController.h */,
				41AB58AA22789B9800D0F14D /* TestViewController.m */,
				41AB5896227865A500D0F14D /* Main.storyboard */,
				41AB5899227865AF00D0F14D /* Assets.xcassets */,
				41AB589B227865AF00D0F14D /* LaunchScreen.storyboard */,
				41AB589E227865AF00D0F14D /* Info.plist */,
				41AB589F227865AF00D0F14D /* main.m */,
			);
			path = "网页新闻架构";
			sourceTree = "<group>";
		};
/* End PBXGroup section */

/* Begin PBXNativeTarget section */
		41AB588C227865A500D0F14D /* 网页新闻架构 */ = {
			isa = PBXNativeTarget;
			buildConfigurationList = 41AB58A3227865AF00D0F14D /* Build configuration list for PBXNativeTarget "网页新闻架构" */;
			buildPhases = (
				41AB5889227865A500D0F14D /* Sources */,
				41AB588A227865A500D0F14D /* Frameworks */,
				41AB588B227865A500D0F14D /* Resources */,
			);
			buildRules = (
			);
			dependencies = (
			);
			name = "网页新闻架构";
			productName = "网页新闻架构";
			productReference = 41AB588D227865A500D0F14D /* 网页新闻架构.app */;
			productType = "com.apple.product-type.application";
		};
/* End PBXNativeTarget section */

/* Begin PBXProject section */
		41AB5885227865A500D0F14D /* Project object */ = {
			isa = PBXProject;
			attributes = {
				LastUpgradeCheck = 1020;
				ORGANIZATIONNAME = gzz;
				TargetAttributes = {
					41AB588C227865A500D0F14D = {
						CreatedOnToolsVersion = 10.2.1;
					};
				};
			};
			buildConfigurationList = 41AB5888227865A500D0F14D /* Build configuration list for PBXProject "网页新闻架构" */;
			compatibilityVersion = "Xcode 9.3";
			developmentRegion = en;
			hasScannedForEncodings = 0;
			knownRegions = (
				en,
				Base,
			);
			mainGroup = 41AB5884227865A500D0F14D;
			productRefGroup = 41AB588E227865A500D0F14D /* Products */;
			projectDirPath = "";
			projectRoot = "";
			targets = (
				41AB588C227865A500D0F14D /* 网页新闻架构 */,
			);
		};
/* End PBXProject section */

/* Begin PBXResourcesBuildPhase section */
		41AB588B227865A500D0F14D /* Resources */ = {
			isa = PBXResourcesBuildPhase;
			buildActionMask = 2147483647;
			files = (
				41AB589D227865AF00D0F14D /* LaunchScreen.storyboard in Resources */,
				41AB589A227865AF00D0F14D /* Assets.xcassets in Resources */,
				41AB5898227865A500D0F14D /* Main.storyboard in Resources */,
			);
			runOnlyForDeploymentPostprocessing = 0;
		};
/* End PBXResourcesBuildPhase section */

/* Begin PBXSourcesBuildPhase section */
		41AB5889227865A500D0F14D /* Sources */ = {
			isa = PBXSourcesBuildPhase;
			buildActionMask = 2147483647;
			files = (
				41AB58A0227865AF00D0F14D /* main.m in Sources */,
				41AB5892227865A500D0F14D /* AppDelegate.m in Sources */,
				41AB58AB22789B9800D0F14D /* TestViewController.m in Sources */,
				41AB58A82278957900D0F14D /* MainViewController.m in Sources */,
			);
			runOnlyForDeploymentPostprocessing = 0;
		};
/* End PBXSourcesBuildPhase section */

/* Begin PBXVariantGroup section */
		41AB5896227865A500D0F14D /* Main.storyboard */ = {
			isa = PBXVariantGroup;
			children = (
				41AB5897227865A500D0F14D /* Base */,
			);
			name = Main.storyboard;
			sourceTree = "<group>";
		};
		41AB589B227865AF00D0F14D /* LaunchScreen.storyboard */ = {
			isa = PBXVariantGroup;
			children = (
				41AB589C227865AF00D0F14D /* Base */,
			);
			name = LaunchScreen.storyboard;
			sourceTree = "<group>";
		};
/* End PBXVariantGroup section */

/* Begin XCBuildConfiguration section */
		41AB58A1227865AF00D0F14D /* Debug */ = {
			isa = XCBuildConfiguration;
			buildSettings = {
				ALWAYS_SEARCH_USER_PATHS = NO;
				CLANG_ANALYZER_NONNULL = YES;
				CLANG_ANALYZER_NUMBER_OBJECT_CONVERSION = YES_AGGRESSIVE;
				CLANG_CXX_LANGUAGE_STANDARD = "gnu++14";
				CLANG_CXX_LIBRARY = "libc++";
				CLANG_ENABLE_MODULES = YES;
				CLANG_ENABLE_OBJC_ARC = YES;
				CLANG_ENABLE_OBJC_WEAK = YES;
				CLANG_WARN_BLOCK_CAPTURE_AUTORELEASING = YES;
				CLANG_WARN_BOOL_CONVERSION = YES;
				CLANG_WARN_COMMA = YES;
				CLANG_WARN_CONSTANT_CONVERSION = YES;
				CLANG_WARN_DEPRECATED_OBJC_IMPLEMENTATIONS = YES;
				CLANG_WARN_DIRECT_OBJC_ISA_USAGE = YES_ERROR;
				CLANG_WARN_DOCUMENTATION_COMMENTS = YES;
				CLANG_WARN_EMPTY_BODY = YES;
				CLANG_WARN_ENUM_CONVERSION = YES;
				CLANG_WARN_INFINITE_RECURSION = YES;
				CLANG_WARN_INT_CONVERSION = YES;
				CLANG_WARN_NON_LITERAL_NULL_CONVERSION = YES;
				CLANG_WARN_OBJC_IMPLICIT_RETAIN_SELF = YES;
				CLANG_WARN_OBJC_LITERAL_CONVERSION = YES;
				CLANG_WARN_OBJC_ROOT_CLASS = YES_ERROR;
				CLANG_WARN_RANGE_LOOP_ANALYSIS = YES;
				CLANG_WARN_STRICT_PROTOTYPES = YES;
				CLANG_WARN_SUSPICIOUS_MOVE = YES;
				CLANG_WARN_UNGUARDED_AVAILABILITY = YES_AGGRESSIVE;
				CLANG_WARN_UNREACHABLE_CODE = YES;
				CLANG_WARN__DUPLICATE_METHOD_MATCH = YES;
				CODE_SIGN_IDENTITY = "iPhone Developer";
				COPY_PHASE_STRIP = NO;
				DEBUG_INFORMATION_FORMAT = dwarf;
				ENABLE_STRICT_OBJC_MSGSEND = YES;
				ENABLE_TESTABILITY = YES;
				GCC_C_LANGUAGE_STANDARD = gnu11;
				GCC_DYNAMIC_NO_PIC = NO;
				GCC_NO_COMMON_BLOCKS = YES;
				GCC_OPTIMIZATION_LEVEL = 0;
				GCC_PREPROCESSOR_DEFINITIONS = (
					"DEBUG=1",
					"$(inherited)",
				);
				GCC_WARN_64_TO_32_BIT_CONVERSION = YES;
				GCC_WARN_ABOUT_RETURN_TYPE = YES_ERROR;
				GCC_WARN_UNDECLARED_SELECTOR = YES;
				GCC_WARN_UNINITIALIZED_AUTOS = YES_AGGRESSIVE;
				GCC_WARN_UNUSED_FUNCTION = YES;
				GCC_WARN_UNUSED_VARIABLE = YES;
				IPHONEOS_DEPLOYMENT_TARGET = 12.2;
				MTL_ENABLE_DEBUG_INFO = INCLUDE_SOURCE;
				MTL_FAST_MATH = YES;
				ONLY_ACTIVE_ARCH = YES;
				SDKROOT = iphoneos;
			};
			name = Debug;
		};
		41AB58A2227865AF00D0F14D /* Release */ = {
			isa = XCBuildConfiguration;
			buildSettings = {
				ALWAYS_SEARCH_USER_PATHS = NO;
				CLANG_ANALYZER_NONNULL = YES;
				CLANG_ANALYZER_NUMBER_OBJECT_CONVERSION = YES_AGGRESSIVE;
				CLANG_CXX_LANGUAGE_STANDARD = "gnu++14";
				CLANG_CXX_LIBRARY = "libc++";
				CLANG_ENABLE_MODULES = YES;
				CLANG_ENABLE_OBJC_ARC = YES;
				CLANG_ENABLE_OBJC_WEAK = YES;
				CLANG_WARN_BLOCK_CAPTURE_AUTORELEASING = YES;
				CLANG_WARN_BOOL_CONVERSION = YES;
				CLANG_WARN_COMMA = YES;
				CLANG_WARN_CONSTANT_CONVERSION = YES;
				CLANG_WARN_DEPRECATED_OBJC_IMPLEMENTATIONS = YES;
				CLANG_WARN_DIRECT_OBJC_ISA_USAGE = YES_ERROR;
				CLANG_WARN_DOCUMENTATION_COMMENTS = YES;
				CLANG_WARN_EMPTY_BODY = YES;
				CLANG_WARN_ENUM_CONVERSION = YES;
				CLANG_WARN_INFINITE_RECURSION = YES;
				CLANG_WARN_INT_CONVERSION = YES;
				CLANG_WARN_NON_LITERAL_NULL_CONVERSION = YES;
				CLANG_WARN_OBJC_IMPLICIT_RETAIN_SELF = YES;
				CLANG_WARN_OBJC_LITERAL_CONVERSION = YES;
				CLANG_WARN_OBJC_ROOT_CLASS = YES_ERROR;
				CLANG_WARN_RANGE_LOOP_ANALYSIS = YES;
				CLANG_WARN_STRICT_PROTOTYPES = YES;
				CLANG_WARN_SUSPICIOUS_MOVE = YES;
				CLANG_WARN_UNGUARDED_AVAILABILITY = YES_AGGRESSIVE;
				CLANG_WARN_UNREACHABLE_CODE = YES;
				CLANG_WARN__DUPLICATE_METHOD_MATCH = YES;
				CODE_SIGN_IDENTITY = "iPhone Developer";
				COPY_PHASE_STRIP = NO;
				DEBUG_INFORMATION_FORMAT = "dwarf-with-dsym";
				ENABLE_NS_ASSERTIONS = NO;
				ENABLE_STRICT_OBJC_MSGSEND = YES;
				GCC_C_LANGUAGE_STANDARD = gnu11;
				GCC_NO_COMMON_BLOCKS = YES;
				GCC_WARN_64_TO_32_BIT_CONVERSION = YES;
				GCC_WARN_ABOUT_RETURN_TYPE = YES_ERROR;
				GCC_WARN_UNDECLARED_SELECTOR = YES;
				GCC_WARN_UNINITIALIZED_AUTOS = YES_AGGRESSIVE;
				GCC_WARN_UNUSED_FUNCTION = YES;
				GCC_WARN_UNUSED_VARIABLE = YES;
				IPHONEOS_DEPLOYMENT_TARGET = 12.2;
				MTL_ENABLE_DEBUG_INFO = NO;
				MTL_FAST_MATH = YES;
				SDKROOT = iphoneos;
				VALIDATE_PRODUCT = YES;
			};
			name = Release;
		};
		41AB58A4227865AF00D0F14D /* Debug */ = {
			isa = XCBuildConfiguration;
			buildSettings = {
				ASSETCATALOG_COMPILER_APPICON_NAME = AppIcon;
				CODE_SIGN_STYLE = Automatic;
				DEVELOPMENT_TEAM = QG6J447288;
				INFOPLIST_FILE = "网页新闻架构/Info.plist";
				LD_RUNPATH_SEARCH_PATHS = (
					"$(inherited)",
					"@executable_path/Frameworks",
				);
				PRODUCT_BUNDLE_IDENTIFIER = "com.szyn.------";
				PRODUCT_NAME = "$(TARGET_NAME)";
				TARGETED_DEVICE_FAMILY = "1,2";
			};
			name = Debug;
		};
		41AB58A5227865AF00D0F14D /* Release */ = {
			isa = XCBuildConfiguration;
			buildSettings = {
				ASSETCATALOG_COMPILER_APPICON_NAME = AppIcon;
				CODE_SIGN_STYLE = Automatic;
				DEVELOPMENT_TEAM = QG6J447288;
				INFOPLIST_FILE = "网页新闻架构/Info.plist";
				LD_RUNPATH_SEARCH_PATHS = (
					"$(inherited)",
					"@executable_path/Frameworks",
				);
				PRODUCT_BUNDLE_IDENTIFIER = "com.szyn.------";
				PRODUCT_NAME = "$(TARGET_NAME)";
				TARGETED_DEVICE_FAMILY = "1,2";
			};
			name = Release;
		};
/* End XCBuildConfiguration section */

/* Begin XCConfigurationList section */
		41AB5888227865A500D0F14D /* Build configuration list for PBXProject "网页新闻架构" */ = {
			isa = XCConfigurationList;
			buildConfigurations = (
				41AB58A1227865AF00D0F14D /* Debug */,
				41AB58A2227865AF00D0F14D /* Release */,
			);
			defaultConfigurationIsVisible = 0;
			defaultConfigurationName = Release;
		};
		41AB58A3227865AF00D0F14D /* Build configuration list for PBXNativeTarget "网页新闻架构" */ = {
			isa = XCConfigurationList;
			buildConfigurations = (
				41AB58A4227865AF00D0F14D /* Debug */,
				41AB58A5227865AF00D0F14D /* Release */,
			);
			defaultConfigurationIsVisible = 0;
			defaultConfigurationName = Release;
		};
/* End XCConfigurationList section */
	};
	rootObject = 41AB5885227865A500D0F14D /* Project object */;
}
